// !$*UTF8*$!
{
	archiveVersion = 1;
	classes = {
	};
	objectVersion = 77;
	objects = {

/* Begin PBXContainerItemProxy section */
		7E2D46D92FC1A7B500C4B248 /* PBXContainerItemProxy */ = {
			isa = PBXContainerItemProxy;
			containerPortal = 7E2D46C32FC1A7B400C4B248 /* Project object */;
			proxyType = 1;
			remoteGlobalIDString = 7E2D46CA2FC1A7B400C4B248;
			remoteInfo = Grouper;
		};
		7E2D46E32FC1A7B500C4B248 /* PBXContainerItemProxy */ = {
			isa = PBXContainerItemProxy;
			containerPortal = 7E2D46C32FC1A7B400C4B248 /* Project object */;
			proxyType = 1;
			remoteGlobalIDString = 7E2D46CA2FC1A7B400C4B248;
			remoteInfo = Grouper;
		};
/* End PBXContainerItemProxy section */

/* Begin PBXFileReference section */
		7E2D46CB2FC1A7B400C4B248 /* Grouper.app */ = {isa = PBXFileReference; explicitFileType = wrapper.application; includeInIndex = 0; path = Grouper.app; sourceTree = BUILT_PRODUCTS_DIR; };
		7E2D46D82FC1A7B500C4B248 /* GrouperTests.xctest */ = {isa = PBXFileReference; explicitFileType = wrapper.cfbundle; includeInIndex = 0; path = GrouperTests.xctest; sourceTree = BUILT_PRODUCTS_DIR; };
		7E2D46E22FC1A7B500C4B248 /* GrouperUITests.xctest */ = {isa = PBXFileReference; explicitFileType = wrapper.cfbundle; includeInIndex = 0; path = GrouperUITests.xctest; sourceTree = BUILT_PRODUCTS_DIR; };
/* End PBXFileReference section */

/* Begin PBXFileSystemSynchronizedRootGroup section */
		7E2D46CD2FC1A7B400C4B248 /* Grouper */ = {
			isa = PBXFileSystemSynchronizedRootGroup;
			path = Grouper;
			sourceTree = "<group>";
		};
		7E2D46DB2FC1A7B500C4B248 /* GrouperTests */ = {
			isa = PBXFileSystemSynchronizedRootGroup;
			path = GrouperTests;
			sourceTree = "<group>";
		};
		7E2D46E52FC1A7B500C4B248 /* GrouperUITests */ = {
			isa = PBXFileSystemSynchronizedRootGroup;
			path = GrouperUITests;
			sourceTree = "<group>";
		};
/* End PBXFileSystemSynchronizedRootGroup section */

/* Begin PBXFrameworksBuildPhase section */
		7E2D46C82FC1A7B400C4B248 /* Frameworks */ = {
			isa = PBXFrameworksBuildPhase;
			buildActionMask = 2147483647;
			files = (
			);
			runOnlyForDeploymentPostprocessing = 0;
		};
		7E2D46D52FC1A7B500C4B248 /* Frameworks */ = {
			isa = PBXFrameworksBuildPhase;
			buildActionMask = 2147483647;
			files = (
			);
			runOnlyForDeploymentPostprocessing = 0;
		};
		7E2D46DF2FC1A7B500C4B248 /* Frameworks */ = {
			isa = PBXFrameworksBuildPhase;
			buildActionMask = 2147483647;
			files = (
			);
			runOnlyForDeploymentPostprocessing = 0;
		};
/* End PBXFrameworksBuildPhase section */

/* Begin PBXGroup section */
		7E2D46C22FC1A7B400C4B248 = {
			isa = PBXGroup;
			children = (
				7E2D46CD2FC1A7B400C4B248 /* Grouper */,
				7E2D46DB2FC1A7B500C4B248 /* GrouperTests */,
				7E2D46E52FC1A7B500C4B248 /* GrouperUITests */,
				7E2D46CC2FC1A7B400C4B248 /* Products */,
			);
			sourceTree = "<group>";
		};
		7E2D46CC2FC1A7B400C4B248 /* Products */ = {
			isa = PBXGroup;
			children = (
				7E2D46CB2FC1A7B400C4B248 /* Grouper.app */,
				7E2D46D82FC1A7B500C4B248 /* GrouperTests.xctest */,
				7E2D46E22FC1A7B500C4B248 /* GrouperUITests.xctest */,
			);
			name = Products;
			sourceTree = "<group>";
		};
/* End PBXGroup section */

/* Begin PBXNativeTarget section */
		7E2D46CA2FC1A7B400C4B248 /* Grouper */ = {
			isa = PBXNativeTarget;
			buildConfigurationList = 7E2D46EC2FC1A7B500C4B248 /* Build configuration list for PBXNativeTarget "Grouper" */;
			buildPhases = (
				7E2D46C72FC1A7B400C4B248 /* Sources */,
				7E2D46C82FC1A7B400C4B248 /* Frameworks */,
				7E2D46C92FC1A7B400C4B248 /* Resources */,
			);
			buildRules = (
			);
			dependencies = (
			);
			fileSystemSynchronizedGroups = (
				7E2D46CD2FC1A7B400C4B248 /* Grouper */,
			);
			name = Grouper;
			packageProductDependencies = (
			);
			productName = Grouper;
			productReference = 7E2D46CB2FC1A7B400C4B248 /* Grouper.app */;
			productType = "com.apple.product-type.application";
		};
		7E2D46D72FC1A7B500C4B248 /* GrouperTests */ = {
			isa = PBXNativeTarget;
			buildConfigurationList = 7E2D46EF2FC1A7B500C4B248 /* Build configuration list for PBXNativeTarget "GrouperTests" */;
			buildPhases = (
				7E2D46D42FC1A7B500C4B248 /* Sources */,
				7E2D46D52FC1A7B500C4B248 /* Frameworks */,
				7E2D46D62FC1A7B500C4B248 /* Resources */,
			);
			buildRules = (
			);
			dependencies = (
				7E2D46DA2FC1A7B500C4B248 /* PBXTargetDependency */,
			);
			fileSystemSynchronizedGroups = (
				7E2D46DB2FC1A7B500C4B248 /* GrouperTests */,
			);
			name = GrouperTests;
			packageProductDependencies = (
			);
			productName = GrouperTests;
			productReference = 7E2D46D82FC1A7B500C4B248 /* GrouperTests.xctest */;
			productType = "com.apple.product-type.bundle.unit-test";
		};
		7E2D46E12FC1A7B500C4B248 /* GrouperUITests */ = {
			isa = PBXNativeTarget;
			buildConfigurationList = 7E2D46F22FC1A7B500C4B248 /* Build configuration list for PBXNativeTarget "GrouperUITests" */;
			buildPhases = (
				7E2D46DE2FC1A7B500C4B248 /* Sources */,
				7E2D46DF2FC1A7B500C4B248 /* Frameworks */,
				7E2D46E02FC1A7B500C4B248 /* Resources */,
			);
			buildRules = (
			);
			dependencies = (
				7E2D46E42FC1A7B500C4B248 /* PBXTargetDependency */,
			);
			fileSystemSynchronizedGroups = (
				7E2D46E52FC1A7B500C4B248 /* GrouperUITests */,
			);
			name = GrouperUITests;
			packageProductDependencies = (
			);
			productName = GrouperUITests;
			productReference = 7E2D46E22FC1A7B500C4B248 /* GrouperUITests.xctest */;
			productType = "com.apple.product-type.bundle.ui-testing";
		};
/* End PBXNativeTarget section */

/* Begin PBXProject section */
		7E2D46C32FC1A7B400C4B248 /* Project object */ = {
			isa = PBXProject;
			attributes = {
				BuildIndependentTargetsInParallel = 1;
				LastSwiftUpdateCheck = 2650;
				LastUpgradeCheck = 2650;
				TargetAttributes = {
					7E2D46CA2FC1A7B400C4B248 = {
						CreatedOnToolsVersion = 26.5;
					};
					7E2D46D72FC1A7B500C4B248 = {
						CreatedOnToolsVersion = 26.5;
						TestTargetID = 7E2D46CA2FC1A7B400C4B248;
					};
					7E2D46E12FC1A7B500C4B248 = {
						CreatedOnToolsVersion = 26.5;
						TestTargetID = 7E2D46CA2FC1A7B400C4B248;
					};
				};
			};
			buildConfigurationList = 7E2D46C62FC1A7B400C4B248 /* Build configuration list for PBXProject "Grouper" */;
			developmentRegion = en;
			hasScannedForEncodings = 0;
			knownRegions = (
				en,
				Base,
			);
			mainGroup = 7E2D46C22FC1A7B400C4B248;
			minimizedProjectReferenceProxies = 1;
			preferredProjectObjectVersion = 77;
			productRefGroup = 7E2D46CC2FC1A7B400C4B248 /* Products */;
			projectDirPath = "";
			projectRoot = "";
			targets = (
				7E2D46CA2FC1A7B400C4B248 /* Grouper */,
				7E2D46D72FC1A7B500C4B248 /* GrouperTests */,
				7E2D46E12FC1A7B500C4B248 /* GrouperUITests */,
			);
		};
/* End PBXProject section */

/* Begin PBXResourcesBuildPhase section */
		7E2D46C92FC1A7B400C4B248 /* Resources */ = {
			isa = PBXResourcesBuildPhase;
			buildActionMask = 2147483647;
			files = (
			);
			runOnlyForDeploymentPostprocessing = 0;
		};
		7E2D46D62FC1A7B500C4B248 /* Resources */ = {
			isa = PBXResourcesBuildPhase;
			buildActionMask = 2147483647;
			files = (
			);
			runOnlyForDeploymentPostprocessing = 0;
		};
		7E2D46E02FC1A7B500C4B248 /* Resources */ = {
			isa = PBXResourcesBuildPhase;
			buildActionMask = 2147483647;
			files = (
			);
			runOnlyForDeploymentPostprocessing = 0;
		};
/* End PBXResourcesBuildPhase section */

/* Begin PBXSourcesBuildPhase section */
		7E2D46C72FC1A7B400C4B248 /* Sources */ = {
			isa = PBXSourcesBuildPhase;
			buildActionMask = 2147483647;
			files = (
			);
			runOnlyForDeploymentPostprocessing = 0;
		};
		7E2D46D42FC1A7B500C4B248 /* Sources */ = {
			isa = PBXSourcesBuildPhase;
			buildActionMask = 2147483647;
			files = (
			);
			runOnlyForDeploymentPostprocessing = 0;
		};
		7E2D46DE2FC1A7B500C4B248 /* Sources */ = {
			isa = PBXSourcesBuildPhase;
			buildActionMask = 2147483647;
			files = (
			);
			runOnlyForDeploymentPostprocessing = 0;
		};
/* End PBXSourcesBuildPhase section */

/* Begin PBXTargetDependency section */
		7E2D46DA2FC1A7B500C4B248 /* PBXTargetDependency */ = {
			isa = PBXTargetDependency;
			target = 7E2D46CA2FC1A7B400C4B248 /* Grouper */;
			targetProxy = 7E2D46D92FC1A7B500C4B248 /* PBXContainerItemProxy */;
		};
		7E2D46E42FC1A7B500C4B248 /* PBXTargetDependency */ = {
			isa = PBXTargetDependency;
			target = 7E2D46CA2FC1A7B400C4B248 /* Grouper */;
			targetProxy = 7E2D46E32FC1A7B500C4B248 /* PBXContainerItemProxy */;
		};
/* End PBXTargetDependency section */

/* Begin XCBuildConfiguration section */
		7E2D46EA2FC1A7B500C4B248 /* Debug */ = {
			isa = XCBuildConfiguration;
			buildSettings = {
				ALWAYS_SEARCH_USER_PATHS = NO;
				ASSETCATALOG_COMPILER_GENERATE_SWIFT_ASSET_SYMBOL_EXTENSIONS = YES;
				CLANG_ANALYZER_NONNULL = YES;
				CLANG_ANALYZER_NUMBER_OBJECT_CONVERSION = YES_AGGRESSIVE;
				CLANG_CXX_LANGUAGE_STANDARD = "gnu++20";
				CLANG_ENABLE_MODULES = YES;
				CLANG_ENABLE_OBJC_ARC = YES;
				CLANG_ENABLE_OBJC_WEAK = YES;
				CLANG_WARN_BLOCK_CAPTURE_AUTORELEASING = YES;
				CLANG_WARN_BOOL_CONVERSION = YES;
				CLANG_WARN_COMMA = YES;
				CLANG_WARN_CONSTANT_CONVERSION = YES;
				CLANG_WARN_DEPRECATED_OBJC_IMPLEMENTATIONS = YES;
				CLANG_WARN_DIRECT_OBJC_ISA_USAGE = YES_ERROR;
				CLANG_WARN_DOCUMENTATION_COMMENTS = YES;
				CLANG_WARN_EMPTY_BODY = YES;
				CLANG_WARN_ENUM_CONVERSION = YES;
				CLANG_WARN_INFINITE_RECURSION = YES;
				CLANG_WARN_INT_CONVERSION = YES;
				CLANG_WARN_NON_LITERAL_NULL_CONVERSION = YES;
				CLANG_WARN_OBJC_IMPLICIT_RETAIN_SELF = YES;
				CLANG_WARN_OBJC_LITERAL_CONVERSION = YES;
				CLANG_WARN_OBJC_ROOT_CLASS = YES_ERROR;
				CLANG_WARN_QUOTED_INCLUDE_IN_FRAMEWORK_HEADER = YES;
				CLANG_WARN_RANGE_LOOP_ANALYSIS = YES;
				CLANG_WARN_STRICT_PROTOTYPES = YES;
				CLANG_WARN_SUSPICIOUS_MOVE = YES;
				CLANG_WARN_UNGUARDED_AVAILABILITY = YES_AGGRESSIVE;
				CLANG_WARN_UNREACHABLE_CODE = YES;
				CLANG_WARN__DUPLICATE_METHOD_MATCH = YES;
				COPY_PHASE_STRIP = NO;
				DEBUG_INFORMATION_FORMAT = dwarf;
				DEVELOPMENT_TEAM = 4982HBMNVJ;
				ENABLE_STRICT_OBJC_MSGSEND = YES;
				ENABLE_TESTABILITY = YES;
				ENABLE_USER_SCRIPT_SANDBOXING = YES;
				GCC_C_LANGUAGE_STANDARD = gnu17;
				GCC_DYNAMIC_NO_PIC = NO;
				GCC_NO_COMMON_BLOCKS = YES;
				GCC_OPTIMIZATION_LEVEL = 0;
				GCC_PREPROCESSOR_DEFINITIONS = (
					"DEBUG=1",
					"$(inherited)",
				);
				GCC_WARN_64_TO_32_BIT_CONVERSION = YES;
				GCC_WARN_ABOUT_RETURN_TYPE = YES_ERROR;
				GCC_WARN_UNDECLARED_SELECTOR = YES;
				GCC_WARN_UNINITIALIZED_AUTOS = YES_AGGRESSIVE;
				GCC_WARN_UNUSED_FUNCTION = YES;
				GCC_WARN_UNUSED_VARIABLE = YES;
				IPHONEOS_DEPLOYMENT_TARGET = 26.5;
				LOCALIZATION_PREFERS_STRING_CATALOGS = YES;
				MTL_ENABLE_DEBUG_INFO = INCLUDE_SOURCE;
				MTL_FAST_MATH = YES;
				ONLY_ACTIVE_ARCH = YES;
				SDKROOT = iphoneos;
				SWIFT_ACTIVE_COMPILATION_CONDITIONS = "DEBUG $(inherited)";
				SWIFT_OPTIMIZATION_LEVEL = "-Onone";
			};
			name = Debug;
		};
		7E2D46EB2FC1A7B500C4B248 /* Release */ = {
			isa = XCBuildConfiguration;
			buildSettings = {
				ALWAYS_SEARCH_USER_PATHS = NO;
				ASSETCATALOG_COMPILER_GENERATE_SWIFT_ASSET_SYMBOL_EXTENSIONS = YES;
				CLANG_ANALYZER_NONNULL = YES;
				CLANG_ANALYZER_NUMBER_OBJECT_CONVERSION = YES_AGGRESSIVE;
				CLANG_CXX_LANGUAGE_STANDARD = "gnu++20";
				CLANG_ENABLE_MODULES = YES;
				CLANG_ENABLE_OBJC_ARC = YES;
				CLANG_ENABLE_OBJC_WEAK = YES;
				CLANG_WARN_BLOCK_CAPTURE_AUTORELEASING = YES;
				CLANG_WARN_BOOL_CONVERSION = YES;
				CLANG_WARN_COMMA = YES;
				CLANG_WARN_CONSTANT_CONVERSION = YES;
				CLANG_WARN_DEPRECATED_OBJC_IMPLEMENTATIONS = YES;
				CLANG_WARN_DIRECT_OBJC_ISA_USAGE = YES_ERROR;
				CLANG_WARN_DOCUMENTATION_COMMENTS = YES;
				CLANG_WARN_EMPTY_BODY = YES;
				CLANG_WARN_ENUM_CONVERSION = YES;
				CLANG_WARN_INFINITE_RECURSION = YES;
				CLANG_WARN_INT_CONVERSION = YES;
				CLANG_WARN_NON_LITERAL_NULL_CONVERSION = YES;
				CLANG_WARN_OBJC_IMPLICIT_RETAIN_SELF = YES;
				CLANG_WARN_OBJC_LITERAL_CONVERSION = YES;
				CLANG_WARN_OBJC_ROOT_CLASS = YES_ERROR;
				CLANG_WARN_QUOTED_INCLUDE_IN_FRAMEWORK_HEADER = YES;
				CLANG_WARN_RANGE_LOOP_ANALYSIS = YES;
				CLANG_WARN_STRICT_PROTOTYPES = YES;
				CLANG_WARN_SUSPICIOUS_MOVE = YES;
				CLANG_WARN_UNGUARDED_AVAILABILITY = YES_AGGRESSIVE;
				CLANG_WARN_UNREACHABLE_CODE = YES;
				CLANG_WARN__DUPLICATE_METHOD_MATCH = YES;
				COPY_PHASE_STRIP = NO;
				DEBUG_INFORMATION_FORMAT = "dwarf-with-dsym";
				DEVELOPMENT_TEAM = 4982HBMNVJ;
				ENABLE_NS_ASSERTIONS = NO;
				ENABLE_STRICT_OBJC_MSGSEND = YES;
				ENABLE_USER_SCRIPT_SANDBOXING = YES;
				GCC_C_LANGUAGE_STANDARD = gnu17;
				GCC_NO_COMMON_BLOCKS = YES;
				GCC_WARN_64_TO_32_BIT_CONVERSION = YES;
				GCC_WARN_ABOUT_RETURN_TYPE = YES_ERROR;
				GCC_WARN_UNDECLARED_SELECTOR = YES;
				GCC_WARN_UNINITIALIZED_AUTOS = YES_AGGRESSIVE;
				GCC_WARN_UNUSED_FUNCTION = YES;
				GCC_WARN_UNUSED_VARIABLE = YES;
				IPHONEOS_DEPLOYMENT_TARGET = 26.5;
				LOCALIZATION_PREFERS_STRING_CATALOGS = YES;
				MTL_ENABLE_DEBUG_INFO = NO;
				MTL_FAST_MATH = YES;
				SDKROOT = iphoneos;
				SWIFT_COMPILATION_MODE = wholemodule;
				VALIDATE_PRODUCT = YES;
			};
			name = Release;
		};
		7E2D46ED2FC1A7B500C4B248 /* Debug */ = {
			isa = XCBuildConfiguration;
			buildSettings = {
				ASSETCATALOG_COMPILER_APPICON_NAME = AppIcon;
				ASSETCATALOG_COMPILER_GLOBAL_ACCENT_COLOR_NAME = AccentColor;
				CODE_SIGN_STYLE = Automatic;
				CURRENT_PROJECT_VERSION = 1;
				DEVELOPMENT_TEAM = 4982HBMNVJ;
				ENABLE_PREVIEWS = YES;
				GENERATE_INFOPLIST_FILE = YES;
				INFOPLIST_KEY_CFBundleDisplayName = "look at my eyes";
				INFOPLIST_KEY_CFBundleName = "look at my eyes";
				INFOPLIST_KEY_NSCameraUsageDescription = "Grouper needs camera access to take group photos.";
				INFOPLIST_KEY_NSPhotoLibraryAddUsageDescription = "Grouper saves the photos you take to your photo library.";
				INFOPLIST_KEY_UIApplicationSceneManifest_Generation = YES;
				INFOPLIST_KEY_UIApplicationSupportsIndirectInputEvents = YES;
				INFOPLIST_KEY_UILaunchScreen_Generation = YES;
				INFOPLIST_KEY_UISupportedInterfaceOrientations_iPad = UIInterfaceOrientationPortrait;
				INFOPLIST_KEY_UISupportedInterfaceOrientations_iPhone = UIInterfaceOrientationPortrait;
				LD_RUNPATH_SEARCH_PATHS = (
					"$(inherited)",
					"@executable_path/Frameworks",
				);
				MARKETING_VERSION = 1.0;
				PRODUCT_BUNDLE_IDENTIFIER = com.hanyu.grouper;
				PRODUCT_NAME = "$(TARGET_NAME)";
				STRING_CATALOG_GENERATE_SYMBOLS = YES;
				SWIFT_APPROACHABLE_CONCURRENCY = YES;
				SWIFT_DEFAULT_ACTOR_ISOLATION = MainActor;
				SWIFT_EMIT_LOC_STRINGS = YES;
				SWIFT_UPCOMING_FEATURE_MEMBER_IMPORT_VISIBILITY = YES;
				SWIFT_VERSION = 5.0;
				TARGETED_DEVICE_FAMILY = "1,2";
			};
			name = Debug;
		};
		7E2D46EE2FC1A7B500C4B248 /* Release */ = {
			isa = XCBuildConfiguration;
			buildSettings = {
				ASSETCATALOG_COMPILER_APPICON_NAME = AppIcon;
				ASSETCATALOG_COMPILER_GLOBAL_ACCENT_COLOR_NAME = AccentColor;
				CODE_SIGN_STYLE = Automatic;
				CURRENT_PROJECT_VERSION = 1;
				DEVELOPMENT_TEAM = 4982HBMNVJ;
				ENABLE_PREVIEWS = YES;
				GENERATE_INFOPLIST_FILE = YES;
				INFOPLIST_KEY_CFBundleDisplayName = "look at my eyes";
				INFOPLIST_KEY_CFBundleName = "look at my eyes";
				INFOPLIST_KEY_NSCameraUsageDescription = "Grouper needs camera access to take group photos.";
				INFOPLIST_KEY_NSPhotoLibraryAddUsageDescription = "Grouper saves the photos you take to your photo library.";
				INFOPLIST_KEY_UIApplicationSceneManifest_Generation = YES;
				INFOPLIST_KEY_UIApplicationSupportsIndirectInputEvents = YES;
				INFOPLIST_KEY_UILaunchScreen_Generation = YES;
				INFOPLIST_KEY_UISupportedInterfaceOrientations_iPad = UIInterfaceOrientationPortrait;
				INFOPLIST_KEY_UISupportedInterfaceOrientations_iPhone = UIInterfaceOrientationPortrait;
				LD_RUNPATH_SEARCH_PATHS = (
					"$(inherited)",
					"@executable_path/Frameworks",
				);
				MARKETING_VERSION = 1.0;
				PRODUCT_BUNDLE_IDENTIFIER = com.hanyu.grouper;
				PRODUCT_NAME = "$(TARGET_NAME)";
				STRING_CATALOG_GENERATE_SYMBOLS = YES;
				SWIFT_APPROACHABLE_CONCURRENCY = YES;
				SWIFT_DEFAULT_ACTOR_ISOLATION = MainActor;
				SWIFT_EMIT_LOC_STRINGS = YES;
				SWIFT_UPCOMING_FEATURE_MEMBER_IMPORT_VISIBILITY = YES;
				SWIFT_VERSION = 5.0;
				TARGETED_DEVICE_FAMILY = "1,2";
			};
			name = Release;
		};
		7E2D46F02FC1A7B500C4B248 /* Debug */ = {
			isa = XCBuildConfiguration;
			buildSettings = {
				BUNDLE_LOADER = "$(TEST_HOST)";
				CODE_SIGN_STYLE = Automatic;
				CURRENT_PROJECT_VERSION = 1;
				DEVELOPMENT_TEAM = 4982HBMNVJ;
				GENERATE_INFOPLIST_FILE = YES;
				IPHONEOS_DEPLOYMENT_TARGET = 26.5;
				MARKETING_VERSION = 1.0;
				PRODUCT_BUNDLE_IDENTIFIER = com.hanyu.grouper.tests;
				PRODUCT_NAME = "$(TARGET_NAME)";
				STRING_CATALOG_GENERATE_SYMBOLS = NO;
				SWIFT_APPROACHABLE_CONCURRENCY = YES;
				SWIFT_EMIT_LOC_STRINGS = NO;
				SWIFT_UPCOMING_FEATURE_MEMBER_IMPORT_VISIBILITY = YES;
				SWIFT_VERSION = 5.0;
				TARGETED_DEVICE_FAMILY = "1,2";
				TEST_HOST = "$(BUILT_PRODUCTS_DIR)/Grouper.app/$(BUNDLE_EXECUTABLE_FOLDER_PATH)/Grouper";
			};
			name = Debug;
		};
		7E2D46F12FC1A7B500C4B248 /* Release */ = {
			isa = XCBuildConfiguration;
			buildSettings = {
				BUNDLE_LOADER = "$(TEST_HOST)";
				CODE_SIGN_STYLE = Automatic;
				CURRENT_PROJECT_VERSION = 1;
				DEVELOPMENT_TEAM = 4982HBMNVJ;
				GENERATE_INFOPLIST_FILE = YES;
				IPHONEOS_DEPLOYMENT_TARGET = 26.5;
				MARKETING_VERSION = 1.0;
				PRODUCT_BUNDLE_IDENTIFIER = com.hanyu.grouper.tests;
				PRODUCT_NAME = "$(TARGET_NAME)";
				STRING_CATALOG_GENERATE_SYMBOLS = NO;
				SWIFT_APPROACHABLE_CONCURRENCY = YES;
				SWIFT_EMIT_LOC_STRINGS = NO;
				SWIFT_UPCOMING_FEATURE_MEMBER_IMPORT_VISIBILITY = YES;
				SWIFT_VERSION = 5.0;
				TARGETED_DEVICE_FAMILY = "1,2";
				TEST_HOST = "$(BUILT_PRODUCTS_DIR)/Grouper.app/$(BUNDLE_EXECUTABLE_FOLDER_PATH)/Grouper";
			};
			name = Release;
		};
		7E2D46F32FC1A7B500C4B248 /* Debug */ = {
			isa = XCBuildConfiguration;
			buildSettings = {
				CODE_SIGN_STYLE = Automatic;
				CURRENT_PROJECT_VERSION = 1;
				DEVELOPMENT_TEAM = 4982HBMNVJ;
				GENERATE_INFOPLIST_FILE = YES;
				MARKETING_VERSION = 1.0;
				PRODUCT_BUNDLE_IDENTIFIER = com.hanyu.grouper.uitests;
				PRODUCT_NAME = "$(TARGET_NAME)";
				STRING_CATALOG_GENERATE_SYMBOLS = NO;
				SWIFT_APPROACHABLE_CONCURRENCY = YES;
				SWIFT_EMIT_LOC_STRINGS = NO;
				SWIFT_UPCOMING_FEATURE_MEMBER_IMPORT_VISIBILITY = YES;
				SWIFT_VERSION = 5.0;
				TARGETED_DEVICE_FAMILY = "1,2";
				TEST_TARGET_NAME = Grouper;
			};
			name = Debug;
		};
		7E2D46F42FC1A7B500C4B248 /* Release */ = {
			isa = XCBuildConfiguration;
			buildSettings = {
				CODE_SIGN_STYLE = Automatic;
				CURRENT_PROJECT_VERSION = 1;
				DEVELOPMENT_TEAM = 4982HBMNVJ;
				GENERATE_INFOPLIST_FILE = YES;
				MARKETING_VERSION = 1.0;
				PRODUCT_BUNDLE_IDENTIFIER = com.hanyu.grouper.uitests;
				PRODUCT_NAME = "$(TARGET_NAME)";
				STRING_CATALOG_GENERATE_SYMBOLS = NO;
				SWIFT_APPROACHABLE_CONCURRENCY = YES;
				SWIFT_EMIT_LOC_STRINGS = NO;
				SWIFT_UPCOMING_FEATURE_MEMBER_IMPORT_VISIBILITY = YES;
				SWIFT_VERSION = 5.0;
				TARGETED_DEVICE_FAMILY = "1,2";
				TEST_TARGET_NAME = Grouper;
			};
			name = Release;
		};
/* End XCBuildConfiguration section */

/* Begin XCConfigurationList section */
		7E2D46C62FC1A7B400C4B248 /* Build configuration list for PBXProject "Grouper" */ = {
			isa = XCConfigurationList;
			buildConfigurations = (
				7E2D46EA2FC1A7B500C4B248 /* Debug */,
				7E2D46EB2FC1A7B500C4B248 /* Release */,
			);
			defaultConfigurationIsVisible = 0;
			defaultConfigurationName = Release;
		};
		7E2D46EC2FC1A7B500C4B248 /* Build configuration list for PBXNativeTarget "Grouper" */ = {
			isa = XCConfigurationList;
			buildConfigurations = (
				7E2D46ED2FC1A7B500C4B248 /* Debug */,
				7E2D46EE2FC1A7B500C4B248 /* Release */,
			);
			defaultConfigurationIsVisible = 0;
			defaultConfigurationName = Release;
		};
		7E2D46EF2FC1A7B500C4B248 /* Build configuration list for PBXNativeTarget "GrouperTests" */ = {
			isa = XCConfigurationList;
			buildConfigurations = (
				7E2D46F02FC1A7B500C4B248 /* Debug */,
				7E2D46F12FC1A7B500C4B248 /* Release */,
			);
			defaultConfigurationIsVisible = 0;
			defaultConfigurationName = Release;
		};
		7E2D46F22FC1A7B500C4B248 /* Build configuration list for PBXNativeTarget "GrouperUITests" */ = {
			isa = XCConfigurationList;
			buildConfigurations = (
				7E2D46F32FC1A7B500C4B248 /* Debug */,
				7E2D46F42FC1A7B500C4B248 /* Release */,
			);
			defaultConfigurationIsVisible = 0;
			defaultConfigurationName = Release;
		};
/* End XCConfigurationList section */
	};
	rootObject = 7E2D46C32FC1A7B400C4B248 /* Project object */;
}
